
Microsoft Visual Studio Solution File, Format Version 12.00
Project("{2150E333-8FDC-42A3-9474-1A3956D46DE8}") = "root", "root", "{EB248308-DED7-4343-97C2-7D02E9016335}"
	ProjectSection(SolutionItems) = preProject
		.editorconfig = .editorconfig
		.gitattributes = .gitattributes
		.gitignore = .gitignore
		Directory.Build.props = Directory.Build.props
		Directory.Packages.props = Directory.Packages.props
		doc.md = doc.md
		README.md = README.md
	EndProjectSection
EndProject
Project("{2150E333-8FDC-42A3-9474-1A3956D46DE8}") = "src", "src", "{67530DF2-233B-4E5E-9880-FBA71A4BDF81}"
EndProject
Project("{2150E333-8FDC-42A3-9474-1A3956D46DE8}") = "tests", "tests", "{1C4F5FE0-53BB-47C2-B154-EA5BD7FCAEBB}"
EndProject
Project("{FAE04EC0-301F-11D3-BF4B-00C04F79EFBC}") = "Node", "src\Node\Node.csproj", "{5A3D86BD-80BF-4F1E-B85F-056CBCFBBFF1}"
EndProject
Project("{FAE04EC0-301F-11D3-BF4B-00C04F79EFBC}") = "Commuter", "src\Commuter\Commuter.csproj", "{770D036A-5CB6-4998-9473-7623ECA69336}"
EndProject
Global
	GlobalSection(SolutionConfigurationPlatforms) = preSolution
		Debug|Any CPU = Debug|Any CPU
		Release|Any CPU = Release|Any CPU
	EndGlobalSection
	GlobalSection(ProjectConfigurationPlatforms) = postSolution
		{5A3D86BD-80BF-4F1E-B85F-056CBCFBBFF1}.Debug|Any CPU.ActiveCfg = Debug|Any CPU
		{5A3D86BD-80BF-4F1E-B85F-056CBCFBBFF1}.Debug|Any CPU.Build.0 = Debug|Any CPU
		{5A3D86BD-80BF-4F1E-B85F-056CBCFBBFF1}.Release|Any CPU.ActiveCfg = Release|Any CPU
		{5A3D86BD-80BF-4F1E-B85F-056CBCFBBFF1}.Release|Any CPU.Build.0 = Release|Any CPU
		{770D036A-5CB6-4998-9473-7623ECA69336}.Debug|Any CPU.ActiveCfg = Debug|Any CPU
		{770D036A-5CB6-4998-9473-7623ECA69336}.Debug|Any CPU.Build.0 = Debug|Any CPU
		{770D036A-5CB6-4998-9473-7623ECA69336}.Release|Any CPU.ActiveCfg = Release|Any CPU
		{770D036A-5CB6-4998-9473-7623ECA69336}.Release|Any CPU.Build.0 = Release|Any CPU
	EndGlobalSection
	GlobalSection(NestedProjects) = preSolution
		{5A3D86BD-80BF-4F1E-B85F-056CBCFBBFF1} = {67530DF2-233B-4E5E-9880-FBA71A4BDF81}
		{770D036A-5CB6-4998-9473-7623ECA69336} = {67530DF2-233B-4E5E-9880-FBA71A4BDF81}
	EndGlobalSection
EndGlobal
